hash: d140c550e3a85c644207edb361a28b48acd9cba7f127efbe9878916f0f5c6bb9
updated: 2016-07-04T16:56:53.852212378+07:00
imports:
- name: github.com/gnhuy91/go-vcap-parser
  version: c50a5ab062d71bc28c2afa414907eb6e7ed95d6f
- name: github.com/gorilla/context
  version: aed02d124ae4a0e94fea4541c8effd05bf0c8296
- name: github.com/gorilla/mux
  version: 9fa818a44c2bf1396a17f9d5a3c0f6dd39d2ff8e
- name: github.com/jmoiron/sqlx
  version: bdae0c3219c3bdb92f3d7c70825018712787c933
  subpackages:
  - reflectx
- name: github.com/lib/pq
  version: 55196ec83d60d789e27b2627549bf00974a70084
  subpackages:
  - oid
devImports: []
